// !$*UTF8*$!
{
	archiveVersion = 1;
	classes = {
	};
	objectVersion = 46;
	objects = {

/* Begin PBXBuildFile section */
		6353F96B2E500E533E177320 /* libPods-Demo_AFNUITests.a in Frameworks */ = {isa = PBXBuildFile; fileRef = 16AC6B903EBA313FD9A43378 /* libPods-Demo_AFNUITests.a */; };
		7C9F93653E1B7F3897CB104A /* libPods-Demo_AFNTests.a in Frameworks */ = {isa = PBXBuildFile; fileRef = 21A6BA8C87C30062B69FE2AD /* libPods-Demo_AFNTests.a */; };
		BFC740F31E631B3F00763022 /* main.m in Sources */ = {isa = PBXBuildFile; fileRef = BFC740F21E631B3F00763022 /* main.m */; };
		BFC740F61E631B3F00763022 /* AppDelegate.m in Sources */ = {isa = PBXBuildFile; fileRef = BFC740F51E631B3F00763022 /* AppDelegate.m */; };
		BFC740F91E631B3F00763022 /* ViewController.m in Sources */ = {isa = PBXBuildFile; fileRef = BFC740F81E631B3F00763022 /* ViewController.m */; };
		BFC740FC1E631B3F00763022 /* Main.storyboard in Resources */ = {isa = PBXBuildFile; fileRef = BFC740FA1E631B3F00763022 /* Main.storyboard */; };
		BFC740FE1E631B3F00763022 /* Assets.xcassets in Resources */ = {isa = PBXBuildFile; fileRef = BFC740FD1E631B3F00763022 /* Assets.xcassets */; };
		BFC741011E631B3F00763022 /* LaunchScreen.storyboard in Resources */ = {isa = PBXBuildFile; fileRef = BFC740FF1E631B3F00763022 /* LaunchScreen.storyboard */; };
		BFC7410C1E631B4000763022 /* Demo_AFNTests.m in Sources */ = {isa = PBXBuildFile; fileRef = BFC7410B1E631B4000763022 /* Demo_AFNTests.m */; };
		BFC741171E631B4000763022 /* Demo_AFNUITests.m in Sources */ = {isa = PBXBuildFile; fileRef = BFC741161E631B4000763022 /* Demo_AFNUITests.m */; };
		F8D210512B487ACB5742CBF0 /* libPods-Demo_AFN.a in Frameworks */ = {isa = PBXBuildFile; fileRef = 761E8BCEF0F575BA07507DFD /* libPods-Demo_AFN.a */; };
/* End PBXBuildFile section */

/* Begin PBXContainerItemProxy section */
		BFC741081E631B4000763022 /* PBXContainerItemProxy */ = {
			isa = PBXContainerItemProxy;
			containerPortal = BFC740E61E631B3F00763022 /* Project object */;
			proxyType = 1;
			remoteGlobalIDString = BFC740ED1E631B3F00763022;
			remoteInfo = Demo_AFN;
		};
		BFC741131E631B4000763022 /* PBXContainerItemProxy */ = {
			isa = PBXContainerItemProxy;
			containerPortal = BFC740E61E631B3F00763022 /* Project object */;
			proxyType = 1;
			remoteGlobalIDString = BFC740ED1E631B3F00763022;
			remoteInfo = Demo_AFN;
		};
/* End PBXContainerItemProxy section */

/* Begin PBXFileReference section */
		16AC6B903EBA313FD9A43378 /* libPods-Demo_AFNUITests.a */ = {isa = PBXFileReference; explicitFileType = archive.ar; includeInIndex = 0; path = "libPods-Demo_AFNUITests.a"; sourceTree = BUILT_PRODUCTS_DIR; };
		21A6BA8C87C30062B69FE2AD /* libPods-Demo_AFNTests.a */ = {isa = PBXFileReference; explicitFileType = archive.ar; includeInIndex = 0; path = "libPods-Demo_AFNTests.a"; sourceTree = BUILT_PRODUCTS_DIR; };
		337C49BA3373B9EF6E7AF125 /* Pods-Demo_AFNUITests.debug.xcconfig */ = {isa = PBXFileReference; includeInIndex = 1; lastKnownFileType = text.xcconfig; name = "Pods-Demo_AFNUITests.debug.xcconfig"; path = "Pods/Target Support Files/Pods-Demo_AFNUITests/Pods-Demo_AFNUITests.debug.xcconfig"; sourceTree = "<group>"; };
		518397C9B1F3EF415FA16AAE /* Pods-Demo_AFNTests.release.xcconfig */ = {isa = PBXFileReference; includeInIndex = 1; lastKnownFileType = text.xcconfig; name = "Pods-Demo_AFNTests.release.xcconfig"; path = "Pods/Target Support Files/Pods-Demo_AFNTests/Pods-Demo_AFNTests.release.xcconfig"; sourceTree = "<group>"; };
		761E8BCEF0F575BA07507DFD /* libPods-Demo_AFN.a */ = {isa = PBXFileReference; explicitFileType = archive.ar; includeInIndex = 0; path = "libPods-Demo_AFN.a"; sourceTree = BUILT_PRODUCTS_DIR; };
		7C43D7EA6E977E3A281DD463 /* Pods-Demo_AFN.debug.xcconfig */ = {isa = PBXFileReference; includeInIndex = 1; lastKnownFileType = text.xcconfig; name = "Pods-Demo_AFN.debug.xcconfig"; path = "Pods/Target Support Files/Pods-Demo_AFN/Pods-Demo_AFN.debug.xcconfig"; sourceTree = "<group>"; };
		88689F51758D3592E2FEDE42 /* Pods-Demo_AFNUITests.release.xcconfig */ = {isa = PBXFileReference; includeInIndex = 1; lastKnownFileType = text.xcconfig; name = "Pods-Demo_AFNUITests.release.xcconfig"; path = "Pods/Target Support Files/Pods-Demo_AFNUITests/Pods-Demo_AFNUITests.release.xcconfig"; sourceTree = "<group>"; };
		A0242CAABEC7D85371C879ED /* Pods-Demo_AFNTests.debug.xcconfig */ = {isa = PBXFileReference; includeInIndex = 1; lastKnownFileType = text.xcconfig; name = "Pods-Demo_AFNTests.debug.xcconfig"; path = "Pods/Target Support Files/Pods-Demo_AFNTests/Pods-Demo_AFNTests.debug.xcconfig"; sourceTree = "<group>"; };
		BEC6C50915459A47A34F1D58 /* Pods-Demo_AFN.release.xcconfig */ = {isa = PBXFileReference; includeInIndex = 1; lastKnownFileType = text.xcconfig; name = "Pods-Demo_AFN.release.xcconfig"; path = "Pods/Target Support Files/Pods-Demo_AFN/Pods-Demo_AFN.release.xcconfig"; sourceTree = "<group>"; };
		BFC740EE1E631B3F00763022 /* Demo_AFN.app */ = {isa = PBXFileReference; explicitFileType = wrapper.application; includeInIndex = 0; path = Demo_AFN.app; sourceTree = BUILT_PRODUCTS_DIR; };
		BFC740F21E631B3F00763022 /* main.m */ = {isa = PBXFileReference; lastKnownFileType = sourcecode.c.objc; path = main.m; sourceTree = "<group>"; };
		BFC740F41E631B3F00763022 /* AppDelegate.h */ = {isa = PBXFileReference; lastKnownFileType = sourcecode.c.h; path = AppDelegate.h; sourceTree = "<group>"; };
		BFC740F51E631B3F00763022 /* AppDelegate.m */ = {isa = PBXFileReference; lastKnownFileType = sourcecode.c.objc; path = AppDelegate.m; sourceTree = "<group>"; };
		BFC740F71E631B3F00763022 /* ViewController.h */ = {isa = PBXFileReference; lastKnownFileType = sourcecode.c.h; path = ViewController.h; sourceTree = "<group>"; };
		BFC740F81E631B3F00763022 /* ViewController.m */ = {isa = PBXFileReference; lastKnownFileType = sourcecode.c.objc; path = ViewController.m; sourceTree = "<group>"; };
		BFC740FB1E631B3F00763022 /* Base */ = {isa = PBXFileReference; lastKnownFileType = file.storyboard; name = Base; path = Base.lproj/Main.storyboard; sourceTree = "<group>"; };
		BFC740FD1E631B3F00763022 /* Assets.xcassets */ = {isa = PBXFileReference; lastKnownFileType = folder.assetcatalog; path = Assets.xcassets; sourceTree = "<group>"; };
		BFC741001E631B3F00763022 /* Base */ = {isa = PBXFileReference; lastKnownFileType = file.storyboard; name = Base; path = Base.lproj/LaunchScreen.storyboard; sourceTree = "<group>"; };
		BFC741021E631B3F00763022 /* Info.plist */ = {isa = PBXFileReference; lastKnownFileType = text.plist.xml; path = Info.plist; sourceTree = "<group>"; };
		BFC741071E631B4000763022 /* Demo_AFNTests.xctest */ = {isa = PBXFileReference; explicitFileType = wrapper.cfbundle; includeInIndex = 0; path = Demo_AFNTests.xctest; sourceTree = BUILT_PRODUCTS_DIR; };
		BFC7410B1E631B4000763022 /* Demo_AFNTests.m */ = {isa = PBXFileReference; lastKnownFileType = sourcecode.c.objc; path = Demo_AFNTests.m; sourceTree = "<group>"; };
		BFC7410D1E631B4000763022 /* Info.plist */ = {isa = PBXFileReference; lastKnownFileType = text.plist.xml; path = Info.plist; sourceTree = "<group>"; };
		BFC741121E631B4000763022 /* Demo_AFNUITests.xctest */ = {isa = PBXFileReference; explicitFileType = wrapper.cfbundle; includeInIndex = 0; path = Demo_AFNUITests.xctest; sourceTree = BUILT_PRODUCTS_DIR; };
		BFC741161E631B4000763022 /* Demo_AFNUITests.m */ = {isa = PBXFileReference; lastKnownFileType = sourcecode.c.objc; path = Demo_AFNUITests.m; sourceTree = "<group>"; };
		BFC741181E631B4000763022 /* Info.plist */ = {isa = PBXFileReference; lastKnownFileType = text.plist.xml; path = Info.plist; sourceTree = "<group>"; };
/* End PBXFileReference section */

/* Begin PBXFrameworksBuildPhase section */
		BFC740EB1E631B3F00763022 /* Frameworks */ = {
			isa = PBXFrameworksBuildPhase;
			buildActionMask = 2147483647;
			files = (
				F8D210512B487ACB5742CBF0 /* libPods-Demo_AFN.a in Frameworks */,
			);
			runOnlyForDeploymentPostprocessing = 0;
		};
		BFC741041E631B4000763022 /* Frameworks */ = {
			isa = PBXFrameworksBuildPhase;
			buildActionMask = 2147483647;
			files = (
				7C9F93653E1B7F3897CB104A /* libPods-Demo_AFNTests.a in Frameworks */,
			);
			runOnlyForDeploymentPostprocessing = 0;
		};
		BFC7410F1E631B4000763022 /* Frameworks */ = {
			isa = PBXFrameworksBuildPhase;
			buildActionMask = 2147483647;
			files = (
				6353F96B2E500E533E177320 /* libPods-Demo_AFNUITests.a in Frameworks */,
			);
			runOnlyForDeploymentPostprocessing = 0;
		};
/* End PBXFrameworksBuildPhase section */

/* Begin PBXGroup section */
		2591056E62E604D5E3044AD6 /* Pods */ = {
			isa = PBXGroup;
			children = (
				7C43D7EA6E977E3A281DD463 /* Pods-Demo_AFN.debug.xcconfig */,
				BEC6C50915459A47A34F1D58 /* Pods-Demo_AFN.release.xcconfig */,
				A0242CAABEC7D85371C879ED /* Pods-Demo_AFNTests.debug.xcconfig */,
				518397C9B1F3EF415FA16AAE /* Pods-Demo_AFNTests.release.xcconfig */,
				337C49BA3373B9EF6E7AF125 /* Pods-Demo_AFNUITests.debug.xcconfig */,
				88689F51758D3592E2FEDE42 /* Pods-Demo_AFNUITests.release.xcconfig */,
			);
			name = Pods;
			sourceTree = "<group>";
		};
		A8A0A291DDF7D847956415AB /* Frameworks */ = {
			isa = PBXGroup;
			children = (
				761E8BCEF0F575BA07507DFD /* libPods-Demo_AFN.a */,
				21A6BA8C87C30062B69FE2AD /* libPods-Demo_AFNTests.a */,
				16AC6B903EBA313FD9A43378 /* libPods-Demo_AFNUITests.a */,
			);
			name = Frameworks;
			sourceTree = "<group>";
		};
		BFC740E51E631B3F00763022 = {
			isa = PBXGroup;
			children = (
				BFC740F01E631B3F00763022 /* Demo_AFN */,
				BFC7410A1E631B4000763022 /* Demo_AFNTests */,
				BFC741151E631B4000763022 /* Demo_AFNUITests */,
				BFC740EF1E631B3F00763022 /* Products */,
				2591056E62E604D5E3044AD6 /* Pods */,
				A8A0A291DDF7D847956415AB /* Frameworks */,
			);
			sourceTree = "<group>";
		};
		BFC740EF1E631B3F00763022 /* Products */ = {
			isa = PBXGroup;
			children = (
				BFC740EE1E631B3F00763022 /* Demo_AFN.app */,
				BFC741071E631B4000763022 /* Demo_AFNTests.xctest */,
				BFC741121E631B4000763022 /* Demo_AFNUITests.xctest */,
			);
			name = Products;
			sourceTree = "<group>";
		};
		BFC740F01E631B3F00763022 /* Demo_AFN */ = {
			isa = PBXGroup;
			children = (
				BFC740F41E631B3F00763022 /* AppDelegate.h */,
				BFC740F51E631B3F00763022 /* AppDelegate.m */,
				BFC740F71E631B3F00763022 /* ViewController.h */,
				BFC740F81E631B3F00763022 /* ViewController.m */,
				BFC740FA1E631B3F00763022 /* Main.storyboard */,
				BFC740FD1E631B3F00763022 /* Assets.xcassets */,
				BFC740FF1E631B3F00763022 /* LaunchScreen.storyboard */,
				BFC741021E631B3F00763022 /* Info.plist */,
				BFC740F11E631B3F00763022 /* Supporting Files */,
			);
			path = Demo_AFN;
			sourceTree = "<group>";
		};
		BFC740F11E631B3F00763022 /* Supporting Files */ = {
			isa = PBXGroup;
			children = (
				BFC740F21E631B3F00763022 /* main.m */,
			);
			name = "Supporting Files";
			sourceTree = "<group>";
		};
		BFC7410A1E631B4000763022 /* Demo_AFNTests */ = {
			isa = PBXGroup;
			children = (
				BFC7410B1E631B4000763022 /* Demo_AFNTests.m */,
				BFC7410D1E631B4000763022 /* Info.plist */,
			);
			path = Demo_AFNTests;
			sourceTree = "<group>";
		};
		BFC741151E631B4000763022 /* Demo_AFNUITests */ = {
			isa = PBXGroup;
			children = (
				BFC741161E631B4000763022 /* Demo_AFNUITests.m */,
				BFC741181E631B4000763022 /* Info.plist */,
			);
			path = Demo_AFNUITests;
			sourceTree = "<group>";
		};
/* End PBXGroup section */

/* Begin PBXNativeTarget section */
		BFC740ED1E631B3F00763022 /* Demo_AFN */ = {
			isa = PBXNativeTarget;
			buildConfigurationList = BFC7411B1E631B4000763022 /* Build configuration list for PBXNativeTarget "Demo_AFN" */;
			buildPhases = (
				0590AE105042B6B2F5997C49 /* [CP] Check Pods Manifest.lock */,
				BFC740EA1E631B3F00763022 /* Sources */,
				BFC740EB1E631B3F00763022 /* Frameworks */,
				BFC740EC1E631B3F00763022 /* Resources */,
				75682BE2C5538C1EEF480F9F /* [CP] Embed Pods Frameworks */,
				07E44B1608D8C0D3996ADD9A /* [CP] Copy Pods Resources */,
			);
			buildRules = (
			);
			dependencies = (
			);
			name = Demo_AFN;
			productName = Demo_AFN;
			productReference = BFC740EE1E631B3F00763022 /* Demo_AFN.app */;
			productType = "com.apple.product-type.application";
		};
		BFC741061E631B4000763022 /* Demo_AFNTests */ = {
			isa = PBXNativeTarget;
			buildConfigurationList = BFC7411E1E631B4000763022 /* Build configuration list for PBXNativeTarget "Demo_AFNTests" */;
			buildPhases = (
				B026838DEE98072060CEB6BF /* [CP] Check Pods Manifest.lock */,
				BFC741031E631B4000763022 /* Sources */,
				BFC741041E631B4000763022 /* Frameworks */,
				BFC741051E631B4000763022 /* Resources */,
				ADF76B259C51060D38C5E85F /* [CP] Embed Pods Frameworks */,
				DABE21136BDF4259FC39D305 /* [CP] Copy Pods Resources */,
			);
			buildRules = (
			);
			dependencies = (
				BFC741091E631B4000763022 /* PBXTargetDependency */,
			);
			name = Demo_AFNTests;
			productName = Demo_AFNTests;
			productReference = BFC741071E631B4000763022 /* Demo_AFNTests.xctest */;
			productType = "com.apple.product-type.bundle.unit-test";
		};
		BFC741111E631B4000763022 /* Demo_AFNUITests */ = {
			isa = PBXNativeTarget;
			buildConfigurationList = BFC741211E631B4000763022 /* Build configuration list for PBXNativeTarget "Demo_AFNUITests" */;
			buildPhases = (
				A72CB9F5B89D50B59A22D821 /* [CP] Check Pods Manifest.lock */,
				BFC7410E1E631B4000763022 /* Sources */,
				BFC7410F1E631B4000763022 /* Frameworks */,
				BFC741101E631B4000763022 /* Resources */,
				3BF9933AE3F874FF5E3678B8 /* [CP] Embed Pods Frameworks */,
				99F9AB6E1D8FD672939F7FA9 /* [CP] Copy Pods Resources */,
			);
			buildRules = (
			);
			dependencies = (
				BFC741141E631B4000763022 /* PBXTargetDependency */,
			);
			name = Demo_AFNUITests;
			productName = Demo_AFNUITests;
			productReference = BFC741121E631B4000763022 /* Demo_AFNUITests.xctest */;
			productType = "com.apple.product-type.bundle.ui-testing";
		};
/* End PBXNativeTarget section */

/* Begin PBXProject section */
		BFC740E61E631B3F00763022 /* Project object */ = {
			isa = PBXProject;
			attributes = {
				LastUpgradeCheck = 0820;
				ORGANIZATIONNAME = yhd;
				TargetAttributes = {
					BFC740ED1E631B3F00763022 = {
						CreatedOnToolsVersion = 8.2.1;
						DevelopmentTeam = 3X7GXPZAD8;
						ProvisioningStyle = Automatic;
					};
					BFC741061E631B4000763022 = {
						CreatedOnToolsVersion = 8.2.1;
						DevelopmentTeam = 3X7GXPZAD8;
						ProvisioningStyle = Automatic;
						TestTargetID = BFC740ED1E631B3F00763022;
					};
					BFC741111E631B4000763022 = {
						CreatedOnToolsVersion = 8.2.1;
						DevelopmentTeam = 3X7GXPZAD8;
						ProvisioningStyle = Automatic;
						TestTargetID = BFC740ED1E631B3F00763022;
					};
				};
			};
			buildConfigurationList = BFC740E91E631B3F00763022 /* Build configuration list for PBXProject "Demo_AFN" */;
			compatibilityVersion = "Xcode 3.2";
			developmentRegion = English;
			hasScannedForEncodings = 0;
			knownRegions = (
				en,
				Base,
			);
			mainGroup = BFC740E51E631B3F00763022;
			productRefGroup = BFC740EF1E631B3F00763022 /* Products */;
			projectDirPath = "";
			projectRoot = "";
			targets = (
				BFC740ED1E631B3F00763022 /* Demo_AFN */,
				BFC741061E631B4000763022 /* Demo_AFNTests */,
				BFC741111E631B4000763022 /* Demo_AFNUITests */,
			);
		};
/* End PBXProject section */

/* Begin PBXResourcesBuildPhase section */
		BFC740EC1E631B3F00763022 /* Resources */ = {
			isa = PBXResourcesBuildPhase;
			buildActionMask = 2147483647;
			files = (
				BFC741011E631B3F00763022 /* LaunchScreen.storyboard in Resources */,
				BFC740FE1E631B3F00763022 /* Assets.xcassets in Resources */,
				BFC740FC1E631B3F00763022 /* Main.storyboard in Resources */,
			);
			runOnlyForDeploymentPostprocessing = 0;
		};
		BFC741051E631B4000763022 /* Resources */ = {
			isa = PBXResourcesBuildPhase;
			buildActionMask = 2147483647;
			files = (
			);
			runOnlyForDeploymentPostprocessing = 0;
		};
		BFC741101E631B4000763022 /* Resources */ = {
			isa = PBXResourcesBuildPhase;
			buildActionMask = 2147483647;
			files = (
			);
			runOnlyForDeploymentPostprocessing = 0;
		};
/* End PBXResourcesBuildPhase section */

/* Begin PBXShellScriptBuildPhase section */
		0590AE105042B6B2F5997C49 /* [CP] Check Pods Manifest.lock */ = {
			isa = PBXShellScriptBuildPhase;
			buildActionMask = 2147483647;
			files = (
			);
			inputPaths = (
			);
			name = "[CP] Check Pods Manifest.lock";
			outputPaths = (
			);
			runOnlyForDeploymentPostprocessing = 0;
			shellPath = /bin/sh;
			shellScript = "diff \"${PODS_ROOT}/../Podfile.lock\" \"${PODS_ROOT}/Manifest.lock\" > /dev/null\nif [ $? != 0 ] ; then\n    # print error to STDERR\n    echo \"error: The sandbox is not in sync with the Podfile.lock. Run 'pod install' or update your CocoaPods installation.\" >&2\n    exit 1\nfi\n";
			showEnvVarsInLog = 0;
		};
		07E44B1608D8C0D3996ADD9A /* [CP] Copy Pods Resources */ = {
			isa = PBXShellScriptBuildPhase;
			buildActionMask = 2147483647;
			files = (
			);
			inputPaths = (
			);
			name = "[CP] Copy Pods Resources";
			outputPaths = (
			);
			runOnlyForDeploymentPostprocessing = 0;
			shellPath = /bin/sh;
			shellScript = "\"${SRCROOT}/Pods/Target Support Files/Pods-Demo_AFN/Pods-Demo_AFN-resources.sh\"\n";
			showEnvVarsInLog = 0;
		};
		3BF9933AE3F874FF5E3678B8 /* [CP] Embed Pods Frameworks */ = {
			isa = PBXShellScriptBuildPhase;
			buildActionMask = 2147483647;
			files = (
			);
			inputPaths = (
			);
			name = "[CP] Embed Pods Frameworks";
			outputPaths = (
			);
			runOnlyForDeploymentPostprocessing = 0;
			shellPath = /bin/sh;
			shellScript = "\"${SRCROOT}/Pods/Target Support Files/Pods-Demo_AFNUITests/Pods-Demo_AFNUITests-frameworks.sh\"\n";
			showEnvVarsInLog = 0;
		};
		75682BE2C5538C1EEF480F9F /* [CP] Embed Pods Frameworks */ = {
			isa = PBXShellScriptBuildPhase;
			buildActionMask = 2147483647;
			files = (
			);
			inputPaths = (
			);
			name = "[CP] Embed Pods Frameworks";
			outputPaths = (
			);
			runOnlyForDeploymentPostprocessing = 0;
			shellPath = /bin/sh;
			shellScript = "\"${SRCROOT}/Pods/Target Support Files/Pods-Demo_AFN/Pods-Demo_AFN-frameworks.sh\"\n";
			showEnvVarsInLog = 0;
		};
		99F9AB6E1D8FD672939F7FA9 /* [CP] Copy Pods Resources */ = {
			isa = PBXShellScriptBuildPhase;
			buildActionMask = 2147483647;
			files = (
			);
			inputPaths = (
			);
			name = "[CP] Copy Pods Resources";
			outputPaths = (
			);
			runOnlyForDeploymentPostprocessing = 0;
			shellPath = /bin/sh;
			shellScript = "\"${SRCROOT}/Pods/Target Support Files/Pods-Demo_AFNUITests/Pods-Demo_AFNUITests-resources.sh\"\n";
			showEnvVarsInLog = 0;
		};
		A72CB9F5B89D50B59A22D821 /* [CP] Check Pods Manifest.lock */ = {
			isa = PBXShellScriptBuildPhase;
			buildActionMask = 2147483647;
			files = (
			);
			inputPaths = (
			);
			name = "[CP] Check Pods Manifest.lock";
			outputPaths = (
			);
			runOnlyForDeploymentPostprocessing = 0;
			shellPath = /bin/sh;
			shellScript = "diff \"${PODS_ROOT}/../Podfile.lock\" \"${PODS_ROOT}/Manifest.lock\" > /dev/null\nif [ $? != 0 ] ; then\n    # print error to STDERR\n    echo \"error: The sandbox is not in sync with the Podfile.lock. Run 'pod install' or update your CocoaPods installation.\" >&2\n    exit 1\nfi\n";
			showEnvVarsInLog = 0;
		};
		ADF76B259C51060D38C5E85F /* [CP] Embed Pods Frameworks */ = {
			isa = PBXShellScriptBuildPhase;
			buildActionMask = 2147483647;
			files = (
			);
			inputPaths = (
			);
			name = "[CP] Embed Pods Frameworks";
			outputPaths = (
			);
			runOnlyForDeploymentPostprocessing = 0;
			shellPath = /bin/sh;
			shellScript = "\"${SRCROOT}/Pods/Target Support Files/Pods-Demo_AFNTests/Pods-Demo_AFNTests-frameworks.sh\"\n";
			showEnvVarsInLog = 0;
		};
		B026838DEE98072060CEB6BF /* [CP] Check Pods Manifest.lock */ = {
			isa = PBXShellScriptBuildPhase;
			buildActionMask = 2147483647;
			files = (
			);
			inputPaths = (
			);
			name = "[CP] Check Pods Manifest.lock";
			outputPaths = (
			);
			runOnlyForDeploymentPostprocessing = 0;
			shellPath = /bin/sh;
			shellScript = "diff \"${PODS_ROOT}/../Podfile.lock\" \"${PODS_ROOT}/Manifest.lock\" > /dev/null\nif [ $? != 0 ] ; then\n    # print error to STDERR\n    echo \"error: The sandbox is not in sync with the Podfile.lock. Run 'pod install' or update your CocoaPods installation.\" >&2\n    exit 1\nfi\n";
			showEnvVarsInLog = 0;
		};
		DABE21136BDF4259FC39D305 /* [CP] Copy Pods Resources */ = {
			isa = PBXShellScriptBuildPhase;
			buildActionMask = 2147483647;
			files = (
			);
			inputPaths = (
			);
			name = "[CP] Copy Pods Resources";
			outputPaths = (
			);
			runOnlyForDeploymentPostprocessing = 0;
			shellPath = /bin/sh;
			shellScript = "\"${SRCROOT}/Pods/Target Support Files/Pods-Demo_AFNTests/Pods-Demo_AFNTests-resources.sh\"\n";
			showEnvVarsInLog = 0;
		};
/* End PBXShellScriptBuildPhase section */

/* Begin PBXSourcesBuildPhase section */
		BFC740EA1E631B3F00763022 /* Sources */ = {
			isa = PBXSourcesBuildPhase;
			buildActionMask = 2147483647;
			files = (
				BFC740F91E631B3F00763022 /* ViewController.m in Sources */,
				BFC740F61E631B3F00763022 /* AppDelegate.m in Sources */,
				BFC740F31E631B3F00763022 /* main.m in Sources */,
			);
			runOnlyForDeploymentPostprocessing = 0;
		};
		BFC741031E631B4000763022 /* Sources */ = {
			isa = PBXSourcesBuildPhase;
			buildActionMask = 2147483647;
			files = (
				BFC7410C1E631B4000763022 /* Demo_AFNTests.m in Sources */,
			);
			runOnlyForDeploymentPostprocessing = 0;
		};
		BFC7410E1E631B4000763022 /* Sources */ = {
			isa = PBXSourcesBuildPhase;
			buildActionMask = 2147483647;
			files = (
				BFC741171E631B4000763022 /* Demo_AFNUITests.m in Sources */,
			);
			runOnlyForDeploymentPostprocessing = 0;
		};
/* End PBXSourcesBuildPhase section */

/* Begin PBXTargetDependency section */
		BFC741091E631B4000763022 /* PBXTargetDependency */ = {
			isa = PBXTargetDependency;
			target = BFC740ED1E631B3F00763022 /* Demo_AFN */;
			targetProxy = BFC741081E631B4000763022 /* PBXContainerItemProxy */;
		};
		BFC741141E631B4000763022 /* PBXTargetDependency */ = {
			isa = PBXTargetDependency;
			target = BFC740ED1E631B3F00763022 /* Demo_AFN */;
			targetProxy = BFC741131E631B4000763022 /* PBXContainerItemProxy */;
		};
/* End PBXTargetDependency section */

/* Begin PBXVariantGroup section */
		BFC740FA1E631B3F00763022 /* Main.storyboard */ = {
			isa = PBXVariantGroup;
			children = (
				BFC740FB1E631B3F00763022 /* Base */,
			);
			name = Main.storyboard;
			sourceTree = "<group>";
		};
		BFC740FF1E631B3F00763022 /* LaunchScreen.storyboard */ = {
			isa = PBXVariantGroup;
			children = (
				BFC741001E631B3F00763022 /* Base */,
			);
			name = LaunchScreen.storyboard;
			sourceTree = "<group>";
		};
/* End PBXVariantGroup section */

/* Begin XCBuildConfiguration section */
		BFC741191E631B4000763022 /* Debug */ = {
			isa = XCBuildConfiguration;
			buildSettings = {
				ALWAYS_SEARCH_USER_PATHS = NO;
				CLANG_ANALYZER_NONNULL = YES;
				CLANG_CXX_LANGUAGE_STANDARD = "gnu++0x";
				CLANG_CXX_LIBRARY = "libc++";
				CLANG_ENABLE_MODULES = YES;
				CLANG_ENABLE_OBJC_ARC = YES;
				CLANG_WARN_BOOL_CONVERSION = YES;
				CLANG_WARN_CONSTANT_CONVERSION = YES;
				CLANG_WARN_DIRECT_OBJC_ISA_USAGE = YES_ERROR;
				CLANG_WARN_DOCUMENTATION_COMMENTS = YES;
				CLANG_WARN_EMPTY_BODY = YES;
				CLANG_WARN_ENUM_CONVERSION = YES;
				CLANG_WARN_INFINITE_RECURSION = YES;
				CLANG_WARN_INT_CONVERSION = YES;
				CLANG_WARN_OBJC_ROOT_CLASS = YES_ERROR;
				CLANG_WARN_SUSPICIOUS_MOVE = YES;
				CLANG_WARN_UNREACHABLE_CODE = YES;
				CLANG_WARN__DUPLICATE_METHOD_MATCH = YES;
				"CODE_SIGN_IDENTITY[sdk=iphoneos*]" = "iPhone Developer";
				COPY_PHASE_STRIP = NO;
				DEBUG_INFORMATION_FORMAT = dwarf;
				ENABLE_STRICT_OBJC_MSGSEND = YES;
				ENABLE_TESTABILITY = YES;
				GCC_C_LANGUAGE_STANDARD = gnu99;
				GCC_DYNAMIC_NO_PIC = NO;
				GCC_NO_COMMON_BLOCKS = YES;
				GCC_OPTIMIZATION_LEVEL = 0;
				GCC_PREPROCESSOR_DEFINITIONS = (
					"DEBUG=1",
					"$(inherited)",
				);
				GCC_WARN_64_TO_32_BIT_CONVERSION = YES;
				GCC_WARN_ABOUT_RETURN_TYPE = YES_ERROR;
				GCC_WARN_UNDECLARED_SELECTOR = YES;
				GCC_WARN_UNINITIALIZED_AUTOS = YES_AGGRESSIVE;
				GCC_WARN_UNUSED_FUNCTION = YES;
				GCC_WARN_UNUSED_VARIABLE = YES;
				IPHONEOS_DEPLOYMENT_TARGET = 10.2;
				MTL_ENABLE_DEBUG_INFO = YES;
				ONLY_ACTIVE_ARCH = YES;
				SDKROOT = iphoneos;
			};
			name = Debug;
		};
		BFC7411A1E631B4000763022 /* Release */ = {
			isa = XCBuildConfiguration;
			buildSettings = {
				ALWAYS_SEARCH_USER_PATHS = NO;
				CLANG_ANALYZER_NONNULL = YES;
				CLANG_CXX_LANGUAGE_STANDARD = "gnu++0x";
				CLANG_CXX_LIBRARY = "libc++";
				CLANG_ENABLE_MODULES = YES;
				CLANG_ENABLE_OBJC_ARC = YES;
				CLANG_WARN_BOOL_CONVERSION = YES;
				CLANG_WARN_CONSTANT_CONVERSION = YES;
				CLANG_WARN_DIRECT_OBJC_ISA_USAGE = YES_ERROR;
				CLANG_WARN_DOCUMENTATION_COMMENTS = YES;
				CLANG_WARN_EMPTY_BODY = YES;
				CLANG_WARN_ENUM_CONVERSION = YES;
				CLANG_WARN_INFINITE_RECURSION = YES;
				CLANG_WARN_INT_CONVERSION = YES;
				CLANG_WARN_OBJC_ROOT_CLASS = YES_ERROR;
				CLANG_WARN_SUSPICIOUS_MOVE = YES;
				CLANG_WARN_UNREACHABLE_CODE = YES;
				CLANG_WARN__DUPLICATE_METHOD_MATCH = YES;
				"CODE_SIGN_IDENTITY[sdk=iphoneos*]" = "iPhone Developer";
				COPY_PHASE_STRIP = NO;
				DEBUG_INFORMATION_FORMAT = "dwarf-with-dsym";
				ENABLE_NS_ASSERTIONS = NO;
				ENABLE_STRICT_OBJC_MSGSEND = YES;
				GCC_C_LANGUAGE_STANDARD = gnu99;
				GCC_NO_COMMON_BLOCKS = YES;
				GCC_WARN_64_TO_32_BIT_CONVERSION = YES;
				GCC_WARN_ABOUT_RETURN_TYPE = YES_ERROR;
				GCC_WARN_UNDECLARED_SELECTOR = YES;
				GCC_WARN_UNINITIALIZED_AUTOS = YES_AGGRESSIVE;
				GCC_WARN_UNUSED_FUNCTION = YES;
				GCC_WARN_UNUSED_VARIABLE = YES;
				IPHONEOS_DEPLOYMENT_TARGET = 10.2;
				MTL_ENABLE_DEBUG_INFO = NO;
				SDKROOT = iphoneos;
				VALIDATE_PRODUCT = YES;
			};
			name = Release;
		};
		BFC7411C1E631B4000763022 /* Debug */ = {
			isa = XCBuildConfiguration;
			baseConfigurationReference = 7C43D7EA6E977E3A281DD463 /* Pods-Demo_AFN.debug.xcconfig */;
			buildSettings = {
				ASSETCATALOG_COMPILER_APPICON_NAME = AppIcon;
				DEVELOPMENT_TEAM = 3X7GXPZAD8;
				INFOPLIST_FILE = Demo_AFN/Info.plist;
				LD_RUNPATH_SEARCH_PATHS = "$(inherited) @executable_path/Frameworks";
				PRODUCT_BUNDLE_IDENTIFIER = "cn.com.kivan.cheng.Demo-AFN";
				PRODUCT_NAME = "$(TARGET_NAME)";
			};
			name = Debug;
		};
		BFC7411D1E631B4000763022 /* Release */ = {
			isa = XCBuildConfiguration;
			baseConfigurationReference = BEC6C50915459A47A34F1D58 /* Pods-Demo_AFN.release.xcconfig */;
			buildSettings = {
				ASSETCATALOG_COMPILER_APPICON_NAME = AppIcon;
				DEVELOPMENT_TEAM = 3X7GXPZAD8;
				INFOPLIST_FILE = Demo_AFN/Info.plist;
				LD_RUNPATH_SEARCH_PATHS = "$(inherited) @executable_path/Frameworks";
				PRODUCT_BUNDLE_IDENTIFIER = "cn.com.kivan.cheng.Demo-AFN";
				PRODUCT_NAME = "$(TARGET_NAME)";
			};
			name = Release;
		};
		BFC7411F1E631B4000763022 /* Debug */ = {
			isa = XCBuildConfiguration;
			baseConfigurationReference = A0242CAABEC7D85371C879ED /* Pods-Demo_AFNTests.debug.xcconfig */;
			buildSettings = {
				BUNDLE_LOADER = "$(TEST_HOST)";
				DEVELOPMENT_TEAM = 3X7GXPZAD8;
				INFOPLIST_FILE = Demo_AFNTests/Info.plist;
				LD_RUNPATH_SEARCH_PATHS = "$(inherited) @executable_path/Frameworks @loader_path/Frameworks";
				PRODUCT_BUNDLE_IDENTIFIER = "cn.com.kivan.cheng.Demo-AFNTests";
				PRODUCT_NAME = "$(TARGET_NAME)";
				TEST_HOST = "$(BUILT_PRODUCTS_DIR)/Demo_AFN.app/Demo_AFN";
			};
			name = Debug;
		};
		BFC741201E631B4000763022 /* Release */ = {
			isa = XCBuildConfiguration;
			baseConfigurationReference = 518397C9B1F3EF415FA16AAE /* Pods-Demo_AFNTests.release.xcconfig */;
			buildSettings = {
				BUNDLE_LOADER = "$(TEST_HOST)";
				DEVELOPMENT_TEAM = 3X7GXPZAD8;
				INFOPLIST_FILE = Demo_AFNTests/Info.plist;
				LD_RUNPATH_SEARCH_PATHS = "$(inherited) @executable_path/Frameworks @loader_path/Frameworks";
				PRODUCT_BUNDLE_IDENTIFIER = "cn.com.kivan.cheng.Demo-AFNTests";
				PRODUCT_NAME = "$(TARGET_NAME)";
				TEST_HOST = "$(BUILT_PRODUCTS_DIR)/Demo_AFN.app/Demo_AFN";
			};
			name = Release;
		};
		BFC741221E631B4000763022 /* Debug */ = {
			isa = XCBuildConfiguration;
			baseConfigurationReference = 337C49BA3373B9EF6E7AF125 /* Pods-Demo_AFNUITests.debug.xcconfig */;
			buildSettings = {
				DEVELOPMENT_TEAM = 3X7GXPZAD8;
				INFOPLIST_FILE = Demo_AFNUITests/Info.plist;
				LD_RUNPATH_SEARCH_PATHS = "$(inherited) @executable_path/Frameworks @loader_path/Frameworks";
				PRODUCT_BUNDLE_IDENTIFIER = "cn.com.kivan.cheng.Demo-AFNUITests";
				PRODUCT_NAME = "$(TARGET_NAME)";
				TEST_TARGET_NAME = Demo_AFN;
			};
			name = Debug;
		};
		BFC741231E631B4000763022 /* Release */ = {
			isa = XCBuildConfiguration;
			baseConfigurationReference = 88689F51758D3592E2FEDE42 /* Pods-Demo_AFNUITests.release.xcconfig */;
			buildSettings = {
				DEVELOPMENT_TEAM = 3X7GXPZAD8;
				INFOPLIST_FILE = Demo_AFNUITests/Info.plist;
				LD_RUNPATH_SEARCH_PATHS = "$(inherited) @executable_path/Frameworks @loader_path/Frameworks";
				PRODUCT_BUNDLE_IDENTIFIER = "cn.com.kivan.cheng.Demo-AFNUITests";
				PRODUCT_NAME = "$(TARGET_NAME)";
				TEST_TARGET_NAME = Demo_AFN;
			};
			name = Release;
		};
/* End XCBuildConfiguration section */

/* Begin XCConfigurationList section */
		BFC740E91E631B3F00763022 /* Build configuration list for PBXProject "Demo_AFN" */ = {
			isa = XCConfigurationList;
			buildConfigurations = (
				BFC741191E631B4000763022 /* Debug */,
				BFC7411A1E631B4000763022 /* Release */,
			);
			defaultConfigurationIsVisible = 0;
			defaultConfigurationName = Release;
		};
		BFC7411B1E631B4000763022 /* Build configuration list for PBXNativeTarget "Demo_AFN" */ = {
			isa = XCConfigurationList;
			buildConfigurations = (
				BFC7411C1E631B4000763022 /* Debug */,
				BFC7411D1E631B4000763022 /* Release */,
			);
			defaultConfigurationIsVisible = 0;
		};
		BFC7411E1E631B4000763022 /* Build configuration list for PBXNativeTarget "Demo_AFNTests" */ = {
			isa = XCConfigurationList;
			buildConfigurations = (
				BFC7411F1E631B4000763022 /* Debug */,
				BFC741201E631B4000763022 /* Release */,
			);
			defaultConfigurationIsVisible = 0;
		};
		BFC741211E631B4000763022 /* Build configuration list for PBXNativeTarget "Demo_AFNUITests" */ = {
			isa = XCConfigurationList;
			buildConfigurations = (
				BFC741221E631B4000763022 /* Debug */,
				BFC741231E631B4000763022 /* Release */,
			);
			defaultConfigurationIsVisible = 0;
		};
/* End XCConfigurationList section */
	};
	rootObject = BFC740E61E631B3F00763022 /* Project object */;
}
